
Microsoft Visual Studio Solution File, Format Version 12.00
# Visual Studio Version 16
VisualStudioVersion = 16.0.34601.136
MinimumVisualStudioVersion = 10.0.40219.1
Project("{FAE04EC0-301F-11D3-BF4B-00C04F79EFBC}") = "Sayısal Loto", "Sayısal Loto\Sayısal Loto.csproj", "{CFF07E20-DA78-44A4-88BF-7EC8C4823383}"
EndProject
Global
	GlobalSection(SolutionConfigurationPlatforms) = preSolution
		Debug|Any CPU = Debug|Any CPU
		Release|Any CPU = Release|Any CPU
	EndGlobalSection
	GlobalSection(ProjectConfigurationPlatforms) = postSolution
		{CFF07E20-DA78-44A4-88BF-7EC8C4823383}.Debug|Any CPU.ActiveCfg = Debug|Any CPU
		{CFF07E20-DA78-44A4-88BF-7EC8C4823383}.Debug|Any CPU.Build.0 = Debug|Any CPU
		{CFF07E20-DA78-44A4-88BF-7EC8C4823383}.Release|Any CPU.ActiveCfg = Release|Any CPU
		{CFF07E20-DA78-44A4-88BF-7EC8C4823383}.Release|Any CPU.Build.0 = Release|Any CPU
	EndGlobalSection
	GlobalSection(SolutionProperties) = preSolution
		HideSolutionNode = FALSE
	EndGlobalSection
	GlobalSection(ExtensibilityGlobals) = postSolution
		SolutionGuid = {4F840205-2E48-4B29-9FD6-653BCA11AB1C}
	EndGlobalSection
EndGlobal
